NeoBundleLock lightline.vim 78c43c144643e49c529a93b9eaa4eda12614f923
NeoBundleLock neobundle.vim 26d03781886ed887e390d4ad8b935987754b1c2c
NeoBundleLock vim-easy-align 1cd724dc239c3a0f7a12e0fac85945cc3dbe07b0
NeoBundleLock vim-fugitive 3e0bd86b99c50691f830d9e25a4bbe2a88078f8f
NeoBundleLock vim-gitgutter 72226496b335193d7ac7ed5b043cfd8ec95db499
NeoBundleLock vim-go d2b0a234ffb5441a3488c78fe8e5f551ddbdd454
